github.com/btcsuite/btcd/address/v2 v2.0.0 h1:UVu8Hal6Siu4XastFe+JX5JkeBYONbDUIY5E+SVTs6I=
github.com/btcsuite/btcd/address/v2 v2.0.0/go.mod h1:htJK1AtaeK3bKNfZY63ep2oN8LbrI6qvmPGe1vekb3I=
github.com/btcsuite/btcd/btcec/v2 v2.5.0 h1:KioMXOWa76b86sTZZOmbzv/ldaQCmB8KFAyn5PbB8E8=
github.com/btcsuite/btcd/btcec/v2 v2.5.0/go.mod h1:+K/MYXcLBtHEQjRbjHuJChuybk4LCgjdjgRwil+e+Kk=
github.com/btcsuite/btcd/chaincfg/v2 v2.0.0 h1:M/RTtXfXA9odC1RUEOyZFXj/NXKVHPYZXVjb60xTOok=
github.com/btcsuite/btcd/chaincfg/v2 v2.0.0/go.mod h1:rHgHIXYYfn70m25a+BJ9f9z7VZAsTiDQGB2XYaippGQ=
github.com/btcsuite/btcd/chainhash/v2 v2.0.0 h1:PMLlSloHJuEeB80XG9EjpXWNEKAZAMLl6YHZ6YsEuoA=
github.com/btcsuite/btcd/chainhash/v2 v2.0.0/go.mod h1:mKxcZ7oGTXE7IRV+sS9hP4EVBwc/SzfNR+52IsOP9j8=
github.com/btcsuite/btcd/txscript/v2 v2.0.0 h1:pEmmHaC8eRx6KSB63zSVJD7qrit9/c9cLSrw++XrYP8=
github.com/btcsuite/btcd/txscript/v2 v2.0.0/go.mod h1:pZXabc11Xr9nz/18kXY3yErdAajYc3gi28Zqb3KqlFo=
github.com/btcsuite/btcd/wire/v2 v2.0.0 h1:mYSKzZZ0a1sK+aMhXzfDSVsSzRkWkU3x2U04TFRS2z8=
github.com/btcsuite/btcd/wire/v2 v2.0.0/go.mod h1:bGxkPkk8IiDvUo1D96wE03llBIk7p2MdWYRyAQwLmqM=
github.com/btcsuite/btclog v1.0.0 h1:sEkpKJMmfGiyZjADwEIgB1NSwMyfdD1FB8v6+w1T0Ns=
github.com/btcsuite/btclog v1.0.0/go.mod h1:w7xnGOhwT3lmrS4H3b/D1XAXxvh+tbhUm8xeHN2y3TQ=
github.com/davecgh/go-spew v1.1.1 h1:vj9j/u1bqnvCEfJOwUhtlOARqs3+rkHYY13jYWTU97c=
github.com/davecgh/go-spew v1.1.1/go.mod h1:J7Y8YcW2NihsgmVo/mv3lAwl/skON4iLHjSsI+c5H38=
github.com/decred/dcrd/crypto/blake256 v1.1.0 h1:zPMNGQCm0g4QTY27fOCorQW7EryeQ/U0x++OzVrdms8=
github.com/decred/dcrd/crypto/blake256 v1.1.0/go.mod h1:2OfgNZ5wDpcsFmHmCK5gZTPcCXqlm2ArzUIkw9czNJo=
github.com/decred/dcrd/dcrec/secp256k1/v4 v4.4.0 h1:NMZiJj8QnKe1LgsbDayM4UoHwbvwDRwnI3hwNaAHRnc=
github.com/decred/dcrd/dcrec/secp256k1/v4 v4.4.0/go.mod h1:ZXNYxsqcloTdSy/rNShjYzMhyjf0LaoftYK0p+A3h40=
github.com/guggero/btcd/descriptors v0.0.0-20260822123210-2f50ef071048 h1:D/qRMp69aNbAluthRHGKZqVgb2ZgECszrkQLH75A9uY=
github.com/guggero/btcd/descriptors v0.0.0-20260822123210-2f50ef071048/go.mod h1:FxK5G+x3lh/EYizkhnKq0yMpCPPyBQ+WBb29wXkZaYg=
github.com/pmezard/go-difflib v1.0.0 h1:4DBwDE0NGyQoBHbLQYPwSUPoCMWR5BEzIk/f1lZbAQM=
github.com/pmezard/go-difflib v1.0.0/go.mod h1:iKH77koFhYxTK1pcRnkKkqfTogsbg7gZNVY4sRDYZ/4=
github.com/stretchr/testify v1.10.0 h1:Xv5erBjTwe/5IxqUQTdXv5kgmIvbHo3QQyRwhJsOfJA=
github.com/stretchr/testify v1.10.0/go.mod h1:r2ic/lqez/lEtzL7wO/rwa5dbSLXVDPFyf8C91i36aY=
golang.org/x/crypto v0.45.0 h1:jMBrvKuj23MTlT0bQEOBcAE0mjg8mK9RXFhRH6nyF3Q=
golang.org/x/crypto v0.45.0/go.mod h1:XTGrrkGJve7CYK7J8PEww4aY7gM3qMCElcJQ8n8JdX4=
golang.org/x/sys v0.38.0 h1:3yZWxaJjBmCWXqhN1qh02AkOnCQ1poK6oF+a7xWL6Gc=
golang.org/x/sys v0.38.0/go.mod h1:OgkHotnGiDImocRcuBABYBEXf8A9a87e/uXjp9XT3ks=
gopkg.in/yaml.v3 v3.0.1 h1:fxVm/GzAzEWqLHuvctI91KS9hhNmmWOoWu0XTYJS7CA=
gopkg.in/yaml.v3 v3.0.1/go.mod h1:K4uyk7z7BCEPqu6E+C64Yfv1cQ7kz7rIZviUmN+EgEM=
